// !$*UTF8*$!
{
	archiveVersion = 1;
	classes = {
	};
	objectVersion = 48;
	objects = {

/* Begin PBXBuildFile section */
		48AEAB1C1F8CC5CF002489AB /* AppDelegate.swift in Sources */ = {isa = PBXBuildFile; fileRef = 48AEAB1B1F8CC5CF002489AB /* AppDelegate.swift */; };
		48AEAB1E1F8CC5CF002489AB /* ViewController.swift in Sources */ = {isa = PBXBuildFile; fileRef = 48AEAB1D1F8CC5CF002489AB /* ViewController.swift */; };
		48AEAB211F8CC5CF002489AB /* Main.storyboard in Resources */ = {isa = PBXBuildFile; fileRef = 48AEAB1F1F8CC5CF002489AB /* Main.storyboard */; };
		48AEAB231F8CC5CF002489AB /* Assets.xcassets in Resources */ = {isa = PBXBuildFile; fileRef = 48AEAB221F8CC5CF002489AB /* Assets.xcassets */; };
		48AEAB261F8CC5CF002489AB /* LaunchScreen.storyboard in Resources */ = {isa = PBXBuildFile; fileRef = 48AEAB241F8CC5CF002489AB /* LaunchScreen.storyboard */; };
		48AEAB311F8CC7DD002489AB /* SWRevealViewController.m in Sources */ = {isa = PBXBuildFile; fileRef = 48AEAB301F8CC7DC002489AB /* SWRevealViewController.m */; };
		48AEAB361F8CC8BE002489AB /* ChannelVC.swift in Sources */ = {isa = PBXBuildFile; fileRef = 48AEAB351F8CC8BE002489AB /* ChannelVC.swift */; };
		48AEAB381F8CC8CD002489AB /* ChatVC.swift in Sources */ = {isa = PBXBuildFile; fileRef = 48AEAB371F8CC8CD002489AB /* ChatVC.swift */; };
		48AEAB3B1F8CD64E002489AB /* GradientView.swift in Sources */ = {isa = PBXBuildFile; fileRef = 48AEAB3A1F8CD64E002489AB /* GradientView.swift */; };
		48AEAB3E1F8CE5DB002489AB /* Constants.swift in Sources */ = {isa = PBXBuildFile; fileRef = 48AEAB3D1F8CE5DB002489AB /* Constants.swift */; };
		48AEAB401F8CEBE3002489AB /* LoginVC.swift in Sources */ = {isa = PBXBuildFile; fileRef = 48AEAB3F1F8CEBE3002489AB /* LoginVC.swift */; };
		C2AB5E4B97EB60941B516204 /* Pods_Smack.framework in Frameworks */ = {isa = PBXBuildFile; fileRef = 55EA7933C6E98D680AC29511 /* Pods_Smack.framework */; };
/* End PBXBuildFile section */

/* Begin PBXFileReference section */
		48AEAB181F8CC5CF002489AB /* Smack.app */ = {isa = PBXFileReference; explicitFileType = wrapper.application; includeInIndex = 0; path = Smack.app; sourceTree = BUILT_PRODUCTS_DIR; };
		48AEAB1B1F8CC5CF002489AB /* AppDelegate.swift */ = {isa = PBXFileReference; lastKnownFileType = sourcecode.swift; path = AppDelegate.swift; sourceTree = "<group>"; };
		48AEAB1D1F8CC5CF002489AB /* ViewController.swift */ = {isa = PBXFileReference; lastKnownFileType = sourcecode.swift; path = ViewController.swift; sourceTree = "<group>"; };
		48AEAB201F8CC5CF002489AB /* Base */ = {isa = PBXFileReference; lastKnownFileType = file.storyboard; name = Base; path = Base.lproj/Main.storyboard; sourceTree = "<group>"; };
		48AEAB221F8CC5CF002489AB /* Assets.xcassets */ = {isa = PBXFileReference; lastKnownFileType = folder.assetcatalog; path = Assets.xcassets; sourceTree = "<group>"; };
		48AEAB251F8CC5CF002489AB /* Base */ = {isa = PBXFileReference; lastKnownFileType = file.storyboard; name = Base; path = Base.lproj/LaunchScreen.storyboard; sourceTree = "<group>"; };
		48AEAB271F8CC5CF002489AB /* Info.plist */ = {isa = PBXFileReference; lastKnownFileType = text.plist.xml; path = Info.plist; sourceTree = "<group>"; };
		48AEAB2E1F8CC7DB002489AB /* Smack-Bridging-Header.h */ = {isa = PBXFileReference; lastKnownFileType = sourcecode.c.h; path = "Smack-Bridging-Header.h"; sourceTree = "<group>"; };
		48AEAB2F1F8CC7DC002489AB /* SWRevealViewController.h */ = {isa = PBXFileReference; fileEncoding = 4; lastKnownFileType = sourcecode.c.h; path = SWRevealViewController.h; sourceTree = "<group>"; };
		48AEAB301F8CC7DC002489AB /* SWRevealViewController.m */ = {isa = PBXFileReference; fileEncoding = 4; lastKnownFileType = sourcecode.c.objc; path = SWRevealViewController.m; sourceTree = "<group>"; };
		48AEAB351F8CC8BE002489AB /* ChannelVC.swift */ = {isa = PBXFileReference; lastKnownFileType = sourcecode.swift; path = ChannelVC.swift; sourceTree = "<group>"; };
		48AEAB371F8CC8CD002489AB /* ChatVC.swift */ = {isa = PBXFileReference; lastKnownFileType = sourcecode.swift; path = ChatVC.swift; sourceTree = "<group>"; };
		48AEAB3A1F8CD64E002489AB /* GradientView.swift */ = {isa = PBXFileReference; lastKnownFileType = sourcecode.swift; path = GradientView.swift; sourceTree = "<group>"; };
		48AEAB3D1F8CE5DB002489AB /* Constants.swift */ = {isa = PBXFileReference; lastKnownFileType = sourcecode.swift; path = Constants.swift; sourceTree = "<group>"; };
		48AEAB3F1F8CEBE3002489AB /* LoginVC.swift */ = {isa = PBXFileReference; lastKnownFileType = sourcecode.swift; path = LoginVC.swift; sourceTree = "<group>"; };
		55EA7933C6E98D680AC29511 /* Pods_Smack.framework */ = {isa = PBXFileReference; explicitFileType = wrapper.framework; includeInIndex = 0; path = Pods_Smack.framework; sourceTree = BUILT_PRODUCTS_DIR; };
		82351203720DE76F246C31AD /* Pods-Smack.release.xcconfig */ = {isa = PBXFileReference; includeInIndex = 1; lastKnownFileType = text.xcconfig; name = "Pods-Smack.release.xcconfig"; path = "Pods/Target Support Files/Pods-Smack/Pods-Smack.release.xcconfig"; sourceTree = "<group>"; };
		B2BB671807683BBB0A0066B5 /* Pods-Smack.debug.xcconfig */ = {isa = PBXFileReference; includeInIndex = 1; lastKnownFileType = text.xcconfig; name = "Pods-Smack.debug.xcconfig"; path = "Pods/Target Support Files/Pods-Smack/Pods-Smack.debug.xcconfig"; sourceTree = "<group>"; };
/* End PBXFileReference section */

/* Begin PBXFrameworksBuildPhase section */
		48AEAB151F8CC5CF002489AB /* Frameworks */ = {
			isa = PBXFrameworksBuildPhase;
			buildActionMask = 2147483647;
			files = (
				C2AB5E4B97EB60941B516204 /* Pods_Smack.framework in Frameworks */,
			);
			runOnlyForDeploymentPostprocessing = 0;
		};
/* End PBXFrameworksBuildPhase section */

/* Begin PBXGroup section */
		178BFB69DE45BB5C2B6066E3 /* Pods */ = {
			isa = PBXGroup;
			children = (
				B2BB671807683BBB0A0066B5 /* Pods-Smack.debug.xcconfig */,
				82351203720DE76F246C31AD /* Pods-Smack.release.xcconfig */,
			);
			name = Pods;
			sourceTree = "<group>";
		};
		48AEAB0F1F8CC5CF002489AB = {
			isa = PBXGroup;
			children = (
				48AEAB1A1F8CC5CF002489AB /* Smack */,
				48AEAB191F8CC5CF002489AB /* Products */,
				178BFB69DE45BB5C2B6066E3 /* Pods */,
				52E8E89A1861D2DFFB8A0D69 /* Frameworks */,
			);
			sourceTree = "<group>";
		};
		48AEAB191F8CC5CF002489AB /* Products */ = {
			isa = PBXGroup;
			children = (
				48AEAB181F8CC5CF002489AB /* Smack.app */,
			);
			name = Products;
			sourceTree = "<group>";
		};
		48AEAB1A1F8CC5CF002489AB /* Smack */ = {
			isa = PBXGroup;
			children = (
				48AEAB3C1F8CE5C7002489AB /* Utilities */,
				48AEAB391F8CD638002489AB /* View */,
				48AEAB321F8CC886002489AB /* Controller */,
				48AEAB2D1F8CC7C8002489AB /* Supporting Files */,
				48AEAB1B1F8CC5CF002489AB /* AppDelegate.swift */,
				48AEAB1D1F8CC5CF002489AB /* ViewController.swift */,
				48AEAB1F1F8CC5CF002489AB /* Main.storyboard */,
				48AEAB221F8CC5CF002489AB /* Assets.xcassets */,
				48AEAB241F8CC5CF002489AB /* LaunchScreen.storyboard */,
				48AEAB271F8CC5CF002489AB /* Info.plist */,
			);
			path = Smack;
			sourceTree = "<group>";
		};
		48AEAB2D1F8CC7C8002489AB /* Supporting Files */ = {
			isa = PBXGroup;
			children = (
				48AEAB2F1F8CC7DC002489AB /* SWRevealViewController.h */,
				48AEAB301F8CC7DC002489AB /* SWRevealViewController.m */,
				48AEAB2E1F8CC7DB002489AB /* Smack-Bridging-Header.h */,
			);
			path = "Supporting Files";
			sourceTree = "<group>";
		};
		48AEAB321F8CC886002489AB /* Controller */ = {
			isa = PBXGroup;
			children = (
				48AEAB351F8CC8BE002489AB /* ChannelVC.swift */,
				48AEAB371F8CC8CD002489AB /* ChatVC.swift */,
				48AEAB3F1F8CEBE3002489AB /* LoginVC.swift */,
			);
			path = Controller;
			sourceTree = "<group>";
		};
		48AEAB391F8CD638002489AB /* View */ = {
			isa = PBXGroup;
			children = (
				48AEAB3A1F8CD64E002489AB /* GradientView.swift */,
			);
			path = View;
			sourceTree = "<group>";
		};
		48AEAB3C1F8CE5C7002489AB /* Utilities */ = {
			isa = PBXGroup;
			children = (
				48AEAB3D1F8CE5DB002489AB /* Constants.swift */,
			);
			path = Utilities;
			sourceTree = "<group>";
		};
		52E8E89A1861D2DFFB8A0D69 /* Frameworks */ = {
			isa = PBXGroup;
			children = (
				55EA7933C6E98D680AC29511 /* Pods_Smack.framework */,
			);
			name = Frameworks;
			sourceTree = "<group>";
		};
/* End PBXGroup section */

/* Begin PBXNativeTarget section */
		48AEAB171F8CC5CF002489AB /* Smack */ = {
			isa = PBXNativeTarget;
			buildConfigurationList = 48AEAB2A1F8CC5CF002489AB /* Build configuration list for PBXNativeTarget "Smack" */;
			buildPhases = (
				605D9038B4656BBD9AF1A803 /* [CP] Check Pods Manifest.lock */,
				48AEAB141F8CC5CF002489AB /* Sources */,
				48AEAB151F8CC5CF002489AB /* Frameworks */,
				48AEAB161F8CC5CF002489AB /* Resources */,
				7112904BC6C9BC4B4B9419C1 /* [CP] Embed Pods Frameworks */,
				057ECBB1B50B2676382322EA /* [CP] Copy Pods Resources */,
			);
			buildRules = (
			);
			dependencies = (
			);
			name = Smack;
			productName = Smack;
			productReference = 48AEAB181F8CC5CF002489AB /* Smack.app */;
			productType = "com.apple.product-type.application";
		};
/* End PBXNativeTarget section */

/* Begin PBXProject section */
		48AEAB101F8CC5CF002489AB /* Project object */ = {
			isa = PBXProject;
			attributes = {
				LastSwiftUpdateCheck = 0910;
				LastUpgradeCheck = 0910;
				ORGANIZATIONNAME = samchon;
				TargetAttributes = {
					48AEAB171F8CC5CF002489AB = {
						CreatedOnToolsVersion = 9.1;
						LastSwiftMigration = 0910;
						ProvisioningStyle = Automatic;
					};
				};
			};
			buildConfigurationList = 48AEAB131F8CC5CF002489AB /* Build configuration list for PBXProject "Smack" */;
			compatibilityVersion = "Xcode 8.0";
			developmentRegion = en;
			hasScannedForEncodings = 0;
			knownRegions = (
				en,
				Base,
			);
			mainGroup = 48AEAB0F1F8CC5CF002489AB;
			productRefGroup = 48AEAB191F8CC5CF002489AB /* Products */;
			projectDirPath = "";
			projectRoot = "";
			targets = (
				48AEAB171F8CC5CF002489AB /* Smack */,
			);
		};
/* End PBXProject section */

/* Begin PBXResourcesBuildPhase section */
		48AEAB161F8CC5CF002489AB /* Resources */ = {
			isa = PBXResourcesBuildPhase;
			buildActionMask = 2147483647;
			files = (
				48AEAB261F8CC5CF002489AB /* LaunchScreen.storyboard in Resources */,
				48AEAB231F8CC5CF002489AB /* Assets.xcassets in Resources */,
				48AEAB211F8CC5CF002489AB /* Main.storyboard in Resources */,
			);
			runOnlyForDeploymentPostprocessing = 0;
		};
/* End PBXResourcesBuildPhase section */

/* Begin PBXShellScriptBuildPhase section */
		057ECBB1B50B2676382322EA /* [CP] Copy Pods Resources */ = {
			isa = PBXShellScriptBuildPhase;
			buildActionMask = 2147483647;
			files = (
			);
			inputPaths = (
			);
			name = "[CP] Copy Pods Resources";
			outputPaths = (
			);
			runOnlyForDeploymentPostprocessing = 0;
			shellPath = /bin/sh;
			shellScript = "\"${SRCROOT}/Pods/Target Support Files/Pods-Smack/Pods-Smack-resources.sh\"\n";
			showEnvVarsInLog = 0;
		};
		605D9038B4656BBD9AF1A803 /* [CP] Check Pods Manifest.lock */ = {
			isa = PBXShellScriptBuildPhase;
			buildActionMask = 2147483647;
			files = (
			);
			inputPaths = (
				"${PODS_PODFILE_DIR_PATH}/Podfile.lock",
				"${PODS_ROOT}/Manifest.lock",
			);
			name = "[CP] Check Pods Manifest.lock";
			outputPaths = (
				"$(DERIVED_FILE_DIR)/Pods-Smack-checkManifestLockResult.txt",
			);
			runOnlyForDeploymentPostprocessing = 0;
			shellPath = /bin/sh;
			shellScript = "diff \"${PODS_PODFILE_DIR_PATH}/Podfile.lock\" \"${PODS_ROOT}/Manifest.lock\" > /dev/null\nif [ $? != 0 ] ; then\n    # print error to STDERR\n    echo \"error: The sandbox is not in sync with the Podfile.lock. Run 'pod install' or update your CocoaPods installation.\" >&2\n    exit 1\nfi\n# This output is used by Xcode 'outputs' to avoid re-running this script phase.\necho \"SUCCESS\" > \"${SCRIPT_OUTPUT_FILE_0}\"\n";
			showEnvVarsInLog = 0;
		};
		7112904BC6C9BC4B4B9419C1 /* [CP] Embed Pods Frameworks */ = {
			isa = PBXShellScriptBuildPhase;
			buildActionMask = 2147483647;
			files = (
			);
			inputPaths = (
				"${SRCROOT}/Pods/Target Support Files/Pods-Smack/Pods-Smack-frameworks.sh",
				"${BUILT_PRODUCTS_DIR}/Alamofire/Alamofire.framework",
				"${BUILT_PRODUCTS_DIR}/Socket.IO-Client-Swift/SocketIO.framework",
				"${BUILT_PRODUCTS_DIR}/Starscream/Starscream.framework",
				"${BUILT_PRODUCTS_DIR}/SwiftyJSON/SwiftyJSON.framework",
			);
			name = "[CP] Embed Pods Frameworks";
			outputPaths = (
				"${TARGET_BUILD_DIR}/${FRAMEWORKS_FOLDER_PATH}/Alamofire.framework",
				"${TARGET_BUILD_DIR}/${FRAMEWORKS_FOLDER_PATH}/SocketIO.framework",
				"${TARGET_BUILD_DIR}/${FRAMEWORKS_FOLDER_PATH}/Starscream.framework",
				"${TARGET_BUILD_DIR}/${FRAMEWORKS_FOLDER_PATH}/SwiftyJSON.framework",
			);
			runOnlyForDeploymentPostprocessing = 0;
			shellPath = /bin/sh;
			shellScript = "\"${SRCROOT}/Pods/Target Support Files/Pods-Smack/Pods-Smack-frameworks.sh\"\n";
			showEnvVarsInLog = 0;
		};
/* End PBXShellScriptBuildPhase section */

/* Begin PBXSourcesBuildPhase section */
		48AEAB141F8CC5CF002489AB /* Sources */ = {
			isa = PBXSourcesBuildPhase;
			buildActionMask = 2147483647;
			files = (
				48AEAB361F8CC8BE002489AB /* ChannelVC.swift in Sources */,
				48AEAB1E1F8CC5CF002489AB /* ViewController.swift in Sources */,
				48AEAB401F8CEBE3002489AB /* LoginVC.swift in Sources */,
				48AEAB3B1F8CD64E002489AB /* GradientView.swift in Sources */,
				48AEAB1C1F8CC5CF002489AB /* AppDelegate.swift in Sources */,
				48AEAB3E1F8CE5DB002489AB /* Constants.swift in Sources */,
				48AEAB311F8CC7DD002489AB /* SWRevealViewController.m in Sources */,
				48AEAB381F8CC8CD002489AB /* ChatVC.swift in Sources */,
			);
			runOnlyForDeploymentPostprocessing = 0;
		};
/* End PBXSourcesBuildPhase section */

/* Begin PBXVariantGroup section */
		48AEAB1F1F8CC5CF002489AB /* Main.storyboard */ = {
			isa = PBXVariantGroup;
			children = (
				48AEAB201F8CC5CF002489AB /* Base */,
			);
			name = Main.storyboard;
			sourceTree = "<group>";
		};
		48AEAB241F8CC5CF002489AB /* LaunchScreen.storyboard */ = {
			isa = PBXVariantGroup;
			children = (
				48AEAB251F8CC5CF002489AB /* Base */,
			);
			name = LaunchScreen.storyboard;
			sourceTree = "<group>";
		};
/* End PBXVariantGroup section */

/* Begin XCBuildConfiguration section */
		48AEAB281F8CC5CF002489AB /* Debug */ = {
			isa = XCBuildConfiguration;
			buildSettings = {
				ALWAYS_SEARCH_USER_PATHS = NO;
				CLANG_ANALYZER_NONNULL = YES;
				CLANG_ANALYZER_NUMBER_OBJECT_CONVERSION = YES_AGGRESSIVE;
				CLANG_CXX_LANGUAGE_STANDARD = "gnu++14";
				CLANG_CXX_LIBRARY = "libc++";
				CLANG_ENABLE_MODULES = YES;
				CLANG_ENABLE_OBJC_ARC = YES;
				CLANG_WARN_BLOCK_CAPTURE_AUTORELEASING = YES;
				CLANG_WARN_BOOL_CONVERSION = YES;
				CLANG_WARN_COMMA = YES;
				CLANG_WARN_CONSTANT_CONVERSION = YES;
				CLANG_WARN_DIRECT_OBJC_ISA_USAGE = YES_ERROR;
				CLANG_WARN_DOCUMENTATION_COMMENTS = YES;
				CLANG_WARN_EMPTY_BODY = YES;
				CLANG_WARN_ENUM_CONVERSION = YES;
				CLANG_WARN_INFINITE_RECURSION = YES;
				CLANG_WARN_INT_CONVERSION = YES;
				CLANG_WARN_NON_LITERAL_NULL_CONVERSION = YES;
				CLANG_WARN_OBJC_LITERAL_CONVERSION = YES;
				CLANG_WARN_OBJC_ROOT_CLASS = YES_ERROR;
				CLANG_WARN_RANGE_LOOP_ANALYSIS = YES;
				CLANG_WARN_STRICT_PROTOTYPES = YES;
				CLANG_WARN_SUSPICIOUS_MOVE = YES;
				CLANG_WARN_UNGUARDED_AVAILABILITY = YES_AGGRESSIVE;
				CLANG_WARN_UNREACHABLE_CODE = YES;
				CLANG_WARN__DUPLICATE_METHOD_MATCH = YES;
				CODE_SIGN_IDENTITY = "iPhone Developer";
				COPY_PHASE_STRIP = NO;
				DEBUG_INFORMATION_FORMAT = dwarf;
				ENABLE_STRICT_OBJC_MSGSEND = YES;
				ENABLE_TESTABILITY = YES;
				GCC_C_LANGUAGE_STANDARD = gnu11;
				GCC_DYNAMIC_NO_PIC = NO;
				GCC_NO_COMMON_BLOCKS = YES;
				GCC_OPTIMIZATION_LEVEL = 0;
				GCC_PREPROCESSOR_DEFINITIONS = (
					"DEBUG=1",
					"$(inherited)",
				);
				GCC_WARN_64_TO_32_BIT_CONVERSION = YES;
				GCC_WARN_ABOUT_RETURN_TYPE = YES_ERROR;
				GCC_WARN_UNDECLARED_SELECTOR = YES;
				GCC_WARN_UNINITIALIZED_AUTOS = YES_AGGRESSIVE;
				GCC_WARN_UNUSED_FUNCTION = YES;
				GCC_WARN_UNUSED_VARIABLE = YES;
				IPHONEOS_DEPLOYMENT_TARGET = 11.1;
				MTL_ENABLE_DEBUG_INFO = YES;
				ONLY_ACTIVE_ARCH = YES;
				SDKROOT = iphoneos;
				SWIFT_ACTIVE_COMPILATION_CONDITIONS = DEBUG;
				SWIFT_OPTIMIZATION_LEVEL = "-Onone";
			};
			name = Debug;
		};
		48AEAB291F8CC5CF002489AB /* Release */ = {
			isa = XCBuildConfiguration;
			buildSettings = {
				ALWAYS_SEARCH_USER_PATHS = NO;
				CLANG_ANALYZER_NONNULL = YES;
				CLANG_ANALYZER_NUMBER_OBJECT_CONVERSION = YES_AGGRESSIVE;
				CLANG_CXX_LANGUAGE_STANDARD = "gnu++14";
				CLANG_CXX_LIBRARY = "libc++";
				CLANG_ENABLE_MODULES = YES;
				CLANG_ENABLE_OBJC_ARC = YES;
				CLANG_WARN_BLOCK_CAPTURE_AUTORELEASING = YES;
				CLANG_WARN_BOOL_CONVERSION = YES;
				CLANG_WARN_COMMA = YES;
				CLANG_WARN_CONSTANT_CONVERSION = YES;
				CLANG_WARN_DIRECT_OBJC_ISA_USAGE = YES_ERROR;
				CLANG_WARN_DOCUMENTATION_COMMENTS = YES;
				CLANG_WARN_EMPTY_BODY = YES;
				CLANG_WARN_ENUM_CONVERSION = YES;
				CLANG_WARN_INFINITE_RECURSION = YES;
				CLANG_WARN_INT_CONVERSION = YES;
				CLANG_WARN_NON_LITERAL_NULL_CONVERSION = YES;
				CLANG_WARN_OBJC_LITERAL_CONVERSION = YES;
				CLANG_WARN_OBJC_ROOT_CLASS = YES_ERROR;
				CLANG_WARN_RANGE_LOOP_ANALYSIS = YES;
				CLANG_WARN_STRICT_PROTOTYPES = YES;
				CLANG_WARN_SUSPICIOUS_MOVE = YES;
				CLANG_WARN_UNGUARDED_AVAILABILITY = YES_AGGRESSIVE;
				CLANG_WARN_UNREACHABLE_CODE = YES;
				CLANG_WARN__DUPLICATE_METHOD_MATCH = YES;
				CODE_SIGN_IDENTITY = "iPhone Developer";
				COPY_PHASE_STRIP = NO;
				DEBUG_INFORMATION_FORMAT = "dwarf-with-dsym";
				ENABLE_NS_ASSERTIONS = NO;
				ENABLE_STRICT_OBJC_MSGSEND = YES;
				GCC_C_LANGUAGE_STANDARD = gnu11;
				GCC_NO_COMMON_BLOCKS = YES;
				GCC_WARN_64_TO_32_BIT_CONVERSION = YES;
				GCC_WARN_ABOUT_RETURN_TYPE = YES_ERROR;
				GCC_WARN_UNDECLARED_SELECTOR = YES;
				GCC_WARN_UNINITIALIZED_AUTOS = YES_AGGRESSIVE;
				GCC_WARN_UNUSED_FUNCTION = YES;
				GCC_WARN_UNUSED_VARIABLE = YES;
				IPHONEOS_DEPLOYMENT_TARGET = 11.1;
				MTL_ENABLE_DEBUG_INFO = NO;
				SDKROOT = iphoneos;
				SWIFT_OPTIMIZATION_LEVEL = "-Owholemodule";
				VALIDATE_PRODUCT = YES;
			};
			name = Release;
		};
		48AEAB2B1F8CC5CF002489AB /* Debug */ = {
			isa = XCBuildConfiguration;
			baseConfigurationReference = B2BB671807683BBB0A0066B5 /* Pods-Smack.debug.xcconfig */;
			buildSettings = {
				ASSETCATALOG_COMPILER_APPICON_NAME = AppIcon;
				CLANG_ENABLE_MODULES = YES;
				CODE_SIGN_STYLE = Automatic;
				DEVELOPMENT_TEAM = J6JJA4UC5Z;
				INFOPLIST_FILE = Smack/Info.plist;
				LD_RUNPATH_SEARCH_PATHS = "$(inherited) @executable_path/Frameworks";
				PRODUCT_BUNDLE_IDENTIFIER = com.samchon.Smack;
				PRODUCT_NAME = "$(TARGET_NAME)";
				SWIFT_OBJC_BRIDGING_HEADER = "Smack/Supporting Files/Smack-Bridging-Header.h";
				SWIFT_OPTIMIZATION_LEVEL = "-Onone";
				SWIFT_VERSION = 4.0;
				TARGETED_DEVICE_FAMILY = "1,2";
			};
			name = Debug;
		};
		48AEAB2C1F8CC5CF002489AB /* Release */ = {
			isa = XCBuildConfiguration;
			baseConfigurationReference = 82351203720DE76F246C31AD /* Pods-Smack.release.xcconfig */;
			buildSettings = {
				ASSETCATALOG_COMPILER_APPICON_NAME = AppIcon;
				CLANG_ENABLE_MODULES = YES;
				CODE_SIGN_STYLE = Automatic;
				DEVELOPMENT_TEAM = J6JJA4UC5Z;
				INFOPLIST_FILE = Smack/Info.plist;
				LD_RUNPATH_SEARCH_PATHS = "$(inherited) @executable_path/Frameworks";
				PRODUCT_BUNDLE_IDENTIFIER = com.samchon.Smack;
				PRODUCT_NAME = "$(TARGET_NAME)";
				SWIFT_OBJC_BRIDGING_HEADER = "Smack/Supporting Files/Smack-Bridging-Header.h";
				SWIFT_VERSION = 4.0;
				TARGETED_DEVICE_FAMILY = "1,2";
			};
			name = Release;
		};
/* End XCBuildConfiguration section */

/* Begin XCConfigurationList section */
		48AEAB131F8CC5CF002489AB /* Build configuration list for PBXProject "Smack" */ = {
			isa = XCConfigurationList;
			buildConfigurations = (
				48AEAB281F8CC5CF002489AB /* Debug */,
				48AEAB291F8CC5CF002489AB /* Release */,
			);
			defaultConfigurationIsVisible = 0;
			defaultConfigurationName = Release;
		};
		48AEAB2A1F8CC5CF002489AB /* Build configuration list for PBXNativeTarget "Smack" */ = {
			isa = XCConfigurationList;
			buildConfigurations = (
				48AEAB2B1F8CC5CF002489AB /* Debug */,
				48AEAB2C1F8CC5CF002489AB /* Release */,
			);
			defaultConfigurationIsVisible = 0;
			defaultConfigurationName = Release;
		};
/* End XCConfigurationList section */
	};
	rootObject = 48AEAB101F8CC5CF002489AB /* Project object */;
}
